# This file is generated by running "yarn install" inside your project.
# Manual changes might be lost - proceed with caution!

__metadata:
  version: 6
  cacheKey: 8

"@nestjs/serve-static@npm:^3.0.1":
  version: 3.0.1
  resolution: "@nestjs/serve-static@npm:3.0.1"
  dependencies:
    path-to-regexp: 0.2.5
  peerDependencies:
    "@fastify/static": ^6.5.0
    "@nestjs/common": ^9.0.0
    "@nestjs/core": ^9.0.0
    express: ^4.18.1
    fastify: ^4.7.0
  peerDependenciesMeta:
    "@fastify/static":
      optional: true
    express:
      optional: true
    fastify:
      optional: true
  checksum: d7343094655b4f622f5385c06cddac7919eed317ae89df4aa4a43965eae413f583f859bd9ee48477dc581e9c7d9a7ae6cc9654b2bb4d331ca7ce155a9e4dff3a
  languageName: node
  linkType: hard

"mymath-project-2023-spring@workspace:.":
  version: 0.0.0-use.local
  resolution: "mymath-project-2023-spring@workspace:."
  dependencies:
    "@nestjs/serve-static": ^3.0.1
  languageName: unknown
  linkType: soft

"path-to-regexp@npm:0.2.5":
  version: 0.2.5
  resolution: "path-to-regexp@npm:0.2.5"
  checksum: 44adcbd847d170786490de80d2abc4762d5e65cd8857f230b87bdff6ab1bd17a91baa201fea549954b4cbfd208ae021a3a4ebac19a69ebdf3fdc628c8344ad39
  languageName: node
  linkType: hard
